
Microsoft Visual Studio Solution File, Format Version 12.00
# Visual Studio 15
VisualStudioVersion = 15.0.28010.2003
MinimumVisualStudioVersion = 10.0.40219.1
Project("{FAE04EC0-301F-11D3-BF4B-00C04F79EFBC}") = "StudyMaterial", "StudyMaterial\StudyMaterial.csproj", "{C2A41EEE-123B-4B55-9016-799B54E02C77}"
EndProject
Project("{FAE04EC0-301F-11D3-BF4B-00C04F79EFBC}") = "Console", "Console\Console.csproj", "{1CBF1E0F-E659-45D4-BC75-4F5D4A6C0FA8}"
EndProject
Project("{FAE04EC0-301F-11D3-BF4B-00C04F79EFBC}") = "FactoryPattern", "FactoryPattern\FactoryPattern.csproj", "{64D89273-015A-4AAE-9237-1764278BB1BB}"
EndProject
Global
	GlobalSection(SolutionConfigurationPlatforms) = preSolution
		Debug|Any CPU = Debug|Any CPU
		Release|Any CPU = Release|Any CPU
	EndGlobalSection
	GlobalSection(ProjectConfigurationPlatforms) = postSolution
		{C2A41EEE-123B-4B55-9016-799B54E02C77}.Debug|Any CPU.ActiveCfg = Debug|Any CPU
		{C2A41EEE-123B-4B55-9016-799B54E02C77}.Debug|Any CPU.Build.0 = Debug|Any CPU
		{C2A41EEE-123B-4B55-9016-799B54E02C77}.Release|Any CPU.ActiveCfg = Release|Any CPU
		{C2A41EEE-123B-4B55-9016-799B54E02C77}.Release|Any CPU.Build.0 = Release|Any CPU
		{1CBF1E0F-E659-45D4-BC75-4F5D4A6C0FA8}.Debug|Any CPU.ActiveCfg = Debug|Any CPU
		{1CBF1E0F-E659-45D4-BC75-4F5D4A6C0FA8}.Debug|Any CPU.Build.0 = Debug|Any CPU
		{1CBF1E0F-E659-45D4-BC75-4F5D4A6C0FA8}.Release|Any CPU.ActiveCfg = Release|Any CPU
		{1CBF1E0F-E659-45D4-BC75-4F5D4A6C0FA8}.Release|Any CPU.Build.0 = Release|Any CPU
		{64D89273-015A-4AAE-9237-1764278BB1BB}.Debug|Any CPU.ActiveCfg = Debug|Any CPU
		{64D89273-015A-4AAE-9237-1764278BB1BB}.Debug|Any CPU.Build.0 = Debug|Any CPU
		{64D89273-015A-4AAE-9237-1764278BB1BB}.Release|Any CPU.ActiveCfg = Release|Any CPU
		{64D89273-015A-4AAE-9237-1764278BB1BB}.Release|Any CPU.Build.0 = Release|Any CPU
	EndGlobalSection
	GlobalSection(SolutionProperties) = preSolution
		HideSolutionNode = FALSE
	EndGlobalSection
	GlobalSection(ExtensibilityGlobals) = postSolution
		SolutionGuid = {D8025414-A6F7-4D38-9C7F-8D956EDC7236}
	EndGlobalSection
EndGlobal
